// !$*UTF8*$!
{
	archiveVersion = 1;
	classes = {
	};
	objectVersion = 46;
	objects = {

/* Begin PBXBuildFile section */
		38BE4C581BA77CBB00144435 /* main.m in Sources */ = {isa = PBXBuildFile; fileRef = 38BE4C571BA77CBB00144435 /* main.m */; };
		38BE4C5B1BA77CBB00144435 /* AppDelegate.m in Sources */ = {isa = PBXBuildFile; fileRef = 38BE4C5A1BA77CBB00144435 /* AppDelegate.m */; };
		38BE4C5E1BA77CBB00144435 /* ViewController.m in Sources */ = {isa = PBXBuildFile; fileRef = 38BE4C5D1BA77CBB00144435 /* ViewController.m */; };
		38BE4C611BA77CBB00144435 /* Main.storyboard in Resources */ = {isa = PBXBuildFile; fileRef = 38BE4C5F1BA77CBB00144435 /* Main.storyboard */; };
		38BE4C641BA77CBB00144435 /* CodeSearch.xcdatamodeld in Sources */ = {isa = PBXBuildFile; fileRef = 38BE4C621BA77CBB00144435 /* CodeSearch.xcdatamodeld */; };
		38BE4C661BA77CBB00144435 /* Assets.xcassets in Resources */ = {isa = PBXBuildFile; fileRef = 38BE4C651BA77CBB00144435 /* Assets.xcassets */; };
		38BE4C691BA77CBB00144435 /* LaunchScreen.storyboard in Resources */ = {isa = PBXBuildFile; fileRef = 38BE4C671BA77CBB00144435 /* LaunchScreen.storyboard */; };
		38BE4C741BA77CBB00144435 /* CodeSearchTests.m in Sources */ = {isa = PBXBuildFile; fileRef = 38BE4C731BA77CBB00144435 /* CodeSearchTests.m */; };
/* End PBXBuildFile section */

/* Begin PBXContainerItemProxy section */
		38BE4C701BA77CBB00144435 /* PBXContainerItemProxy */ = {
			isa = PBXContainerItemProxy;
			containerPortal = 38BE4C4B1BA77CBB00144435 /* Project object */;
			proxyType = 1;
			remoteGlobalIDString = 38BE4C521BA77CBB00144435;
			remoteInfo = CodeSearch;
		};
/* End PBXContainerItemProxy section */

/* Begin PBXFileReference section */
		38BE4C531BA77CBB00144435 /* CodeSearch.app */ = {isa = PBXFileReference; explicitFileType = wrapper.application; includeInIndex = 0; path = CodeSearch.app; sourceTree = BUILT_PRODUCTS_DIR; };
		38BE4C571BA77CBB00144435 /* main.m */ = {isa = PBXFileReference; lastKnownFileType = sourcecode.c.objc; path = main.m; sourceTree = "<group>"; };
		38BE4C591BA77CBB00144435 /* AppDelegate.h */ = {isa = PBXFileReference; lastKnownFileType = sourcecode.c.h; path = AppDelegate.h; sourceTree = "<group>"; };
		38BE4C5A1BA77CBB00144435 /* AppDelegate.m */ = {isa = PBXFileReference; lastKnownFileType = sourcecode.c.objc; path = AppDelegate.m; sourceTree = "<group>"; };
		38BE4C5C1BA77CBB00144435 /* ViewController.h */ = {isa = PBXFileReference; lastKnownFileType = sourcecode.c.h; path = ViewController.h; sourceTree = "<group>"; };
		38BE4C5D1BA77CBB00144435 /* ViewController.m */ = {isa = PBXFileReference; lastKnownFileType = sourcecode.c.objc; path = ViewController.m; sourceTree = "<group>"; };
		38BE4C601BA77CBB00144435 /* Base */ = {isa = PBXFileReference; lastKnownFileType = file.storyboard; name = Base; path = Base.lproj/Main.storyboard; sourceTree = "<group>"; };
		38BE4C631BA77CBB00144435 /* CodeSearch.xcdatamodel */ = {isa = PBXFileReference; lastKnownFileType = wrapper.xcdatamodel; path = CodeSearch.xcdatamodel; sourceTree = "<group>"; };
		38BE4C651BA77CBB00144435 /* Assets.xcassets */ = {isa = PBXFileReference; lastKnownFileType = folder.assetcatalog; path = Assets.xcassets; sourceTree = "<group>"; };
		38BE4C681BA77CBB00144435 /* Base */ = {isa = PBXFileReference; lastKnownFileType = file.storyboard; name = Base; path = Base.lproj/LaunchScreen.storyboard; sourceTree = "<group>"; };
		38BE4C6A1BA77CBB00144435 /* Info.plist */ = {isa = PBXFileReference; lastKnownFileType = text.plist.xml; path = Info.plist; sourceTree = "<group>"; };
		38BE4C6F1BA77CBB00144435 /* CodeSearchTests.xctest */ = {isa = PBXFileReference; explicitFileType = wrapper.cfbundle; includeInIndex = 0; path = CodeSearchTests.xctest; sourceTree = BUILT_PRODUCTS_DIR; };
		38BE4C731BA77CBB00144435 /* CodeSearchTests.m */ = {isa = PBXFileReference; lastKnownFileType = sourcecode.c.objc; path = CodeSearchTests.m; sourceTree = "<group>"; };
		38BE4C751BA77CBB00144435 /* Info.plist */ = {isa = PBXFileReference; lastKnownFileType = text.plist.xml; path = Info.plist; sourceTree = "<group>"; };
/* End PBXFileReference section */

/* Begin PBXFrameworksBuildPhase section */
		38BE4C501BA77CBB00144435 /* Frameworks */ = {
			isa = PBXFrameworksBuildPhase;
			buildActionMask = 2147483647;
			files = (
			);
			runOnlyForDeploymentPostprocessing = 0;
		};
		38BE4C6C1BA77CBB00144435 /* Frameworks */ = {
			isa = PBXFrameworksBuildPhase;
			buildActionMask = 2147483647;
			files = (
			);
			runOnlyForDeploymentPostprocessing = 0;
		};
/* End PBXFrameworksBuildPhase section */

/* Begin PBXGroup section */
		38BE4C4A1BA77CBB00144435 = {
			isa = PBXGroup;
			children = (
				38BE4C551BA77CBB00144435 /* CodeSearch */,
				38BE4C721BA77CBB00144435 /* CodeSearchTests */,
				38BE4C541BA77CBB00144435 /* Products */,
			);
			sourceTree = "<group>";
		};
		38BE4C541BA77CBB00144435 /* Products */ = {
			isa = PBXGroup;
			children = (
				38BE4C531BA77CBB00144435 /* CodeSearch.app */,
				38BE4C6F1BA77CBB00144435 /* CodeSearchTests.xctest */,
			);
			name = Products;
			sourceTree = "<group>";
		};
		38BE4C551BA77CBB00144435 /* CodeSearch */ = {
			isa = PBXGroup;
			children = (
				38BE4C591BA77CBB00144435 /* AppDelegate.h */,
				38BE4C5A1BA77CBB00144435 /* AppDelegate.m */,
				38BE4C5C1BA77CBB00144435 /* ViewController.h */,
				38BE4C5D1BA77CBB00144435 /* ViewController.m */,
				38BE4C5F1BA77CBB00144435 /* Main.storyboard */,
				38BE4C651BA77CBB00144435 /* Assets.xcassets */,
				38BE4C671BA77CBB00144435 /* LaunchScreen.storyboard */,
				38BE4C6A1BA77CBB00144435 /* Info.plist */,
				38BE4C621BA77CBB00144435 /* CodeSearch.xcdatamodeld */,
				38BE4C561BA77CBB00144435 /* Supporting Files */,
			);
			path = CodeSearch;
			sourceTree = "<group>";
		};
		38BE4C561BA77CBB00144435 /* Supporting Files */ = {
			isa = PBXGroup;
			children = (
				38BE4C571BA77CBB00144435 /* main.m */,
			);
			name = "Supporting Files";
			sourceTree = "<group>";
		};
		38BE4C721BA77CBB00144435 /* CodeSearchTests */ = {
			isa = PBXGroup;
			children = (
				38BE4C731BA77CBB00144435 /* CodeSearchTests.m */,
				38BE4C751BA77CBB00144435 /* Info.plist */,
			);
			path = CodeSearchTests;
			sourceTree = "<group>";
		};
/* End PBXGroup section */

/* Begin PBXNativeTarget section */
		38BE4C521BA77CBB00144435 /* CodeSearch */ = {
			isa = PBXNativeTarget;
			buildConfigurationList = 38BE4C781BA77CBB00144435 /* Build configuration list for PBXNativeTarget "CodeSearch" */;
			buildPhases = (
				38BE4C4F1BA77CBB00144435 /* Sources */,
				38BE4C501BA77CBB00144435 /* Frameworks */,
				38BE4C511BA77CBB00144435 /* Resources */,
			);
			buildRules = (
			);
			dependencies = (
			);
			name = CodeSearch;
			productName = CodeSearch;
			productReference = 38BE4C531BA77CBB00144435 /* CodeSearch.app */;
			productType = "com.apple.product-type.application";
		};
		38BE4C6E1BA77CBB00144435 /* CodeSearchTests */ = {
			isa = PBXNativeTarget;
			buildConfigurationList = 38BE4C7B1BA77CBB00144435 /* Build configuration list for PBXNativeTarget "CodeSearchTests" */;
			buildPhases = (
				38BE4C6B1BA77CBB00144435 /* Sources */,
				38BE4C6C1BA77CBB00144435 /* Frameworks */,
				38BE4C6D1BA77CBB00144435 /* Resources */,
			);
			buildRules = (
			);
			dependencies = (
				38BE4C711BA77CBB00144435 /* PBXTargetDependency */,
			);
			name = CodeSearchTests;
			productName = CodeSearchTests;
			productReference = 38BE4C6F1BA77CBB00144435 /* CodeSearchTests.xctest */;
			productType = "com.apple.product-type.bundle.unit-test";
		};
/* End PBXNativeTarget section */

/* Begin PBXProject section */
		38BE4C4B1BA77CBB00144435 /* Project object */ = {
			isa = PBXProject;
			attributes = {
				LastUpgradeCheck = 0700;
				ORGANIZATIONNAME = PhoneyDeveloper;
				TargetAttributes = {
					38BE4C521BA77CBB00144435 = {
						CreatedOnToolsVersion = 7.0;
					};
					38BE4C6E1BA77CBB00144435 = {
						CreatedOnToolsVersion = 7.0;
						TestTargetID = 38BE4C521BA77CBB00144435;
					};
				};
			};
			buildConfigurationList = 38BE4C4E1BA77CBB00144435 /* Build configuration list for PBXProject "CodeSearch" */;
			compatibilityVersion = "Xcode 3.2";
			developmentRegion = English;
			hasScannedForEncodings = 0;
			knownRegions = (
				en,
				Base,
			);
			mainGroup = 38BE4C4A1BA77CBB00144435;
			productRefGroup = 38BE4C541BA77CBB00144435 /* Products */;
			projectDirPath = "";
			projectRoot = "";
			targets = (
				38BE4C521BA77CBB00144435 /* CodeSearch */,
				38BE4C6E1BA77CBB00144435 /* CodeSearchTests */,
			);
		};
/* End PBXProject section */

/* Begin PBXResourcesBuildPhase section */
		38BE4C511BA77CBB00144435 /* Resources */ = {
			isa = PBXResourcesBuildPhase;
			buildActionMask = 2147483647;
			files = (
				38BE4C691BA77CBB00144435 /* LaunchScreen.storyboard in Resources */,
				38BE4C661BA77CBB00144435 /* Assets.xcassets in Resources */,
				38BE4C611BA77CBB00144435 /* Main.storyboard in Resources */,
			);
			runOnlyForDeploymentPostprocessing = 0;
		};
		38BE4C6D1BA77CBB00144435 /* Resources */ = {
			isa = PBXResourcesBuildPhase;
			buildActionMask = 2147483647;
			files = (
			);
			runOnlyForDeploymentPostprocessing = 0;
		};
/* End PBXResourcesBuildPhase section */

/* Begin PBXSourcesBuildPhase section */
		38BE4C4F1BA77CBB00144435 /* Sources */ = {
			isa = PBXSourcesBuildPhase;
			buildActionMask = 2147483647;
			files = (
				38BE4C641BA77CBB00144435 /* CodeSearch.xcdatamodeld in Sources */,
				38BE4C5E1BA77CBB00144435 /* ViewController.m in Sources */,
				38BE4C5B1BA77CBB00144435 /* AppDelegate.m in Sources */,
				38BE4C581BA77CBB00144435 /* main.m in Sources */,
			);
			runOnlyForDeploymentPostprocessing = 0;
		};
		38BE4C6B1BA77CBB00144435 /* Sources */ = {
			isa = PBXSourcesBuildPhase;
			buildActionMask = 2147483647;
			files = (
				38BE4C741BA77CBB00144435 /* CodeSearchTests.m in Sources */,
			);
			runOnlyForDeploymentPostprocessing = 0;
		};
/* End PBXSourcesBuildPhase section */

/* Begin PBXTargetDependency section */
		38BE4C711BA77CBB00144435 /* PBXTargetDependency */ = {
			isa = PBXTargetDependency;
			target = 38BE4C521BA77CBB00144435 /* CodeSearch */;
			targetProxy = 38BE4C701BA77CBB00144435 /* PBXContainerItemProxy */;
		};
/* End PBXTargetDependency section */

/* Begin PBXVariantGroup section */
		38BE4C5F1BA77CBB00144435 /* Main.storyboard */ = {
			isa = PBXVariantGroup;
			children = (
				38BE4C601BA77CBB00144435 /* Base */,
			);
			name = Main.storyboard;
			sourceTree = "<group>";
		};
		38BE4C671BA77CBB00144435 /* LaunchScreen.storyboard */ = {
			isa = PBXVariantGroup;
			children = (
				38BE4C681BA77CBB00144435 /* Base */,
			);
			name = LaunchScreen.storyboard;
			sourceTree = "<group>";
		};
/* End PBXVariantGroup section */

/* Begin XCBuildConfiguration section */
		38BE4C761BA77CBB00144435 /* Debug */ = {
			isa = XCBuildConfiguration;
			buildSettings = {
				ALWAYS_SEARCH_USER_PATHS = NO;
				CLANG_CXX_LANGUAGE_STANDARD = "gnu++0x";
				CLANG_CXX_LIBRARY = "libc++";
				CLANG_ENABLE_MODULES = YES;
				CLANG_ENABLE_OBJC_ARC = YES;
				CLANG_WARN_BOOL_CONVERSION = YES;
				CLANG_WARN_CONSTANT_CONVERSION = YES;
				CLANG_WARN_DIRECT_OBJC_ISA_USAGE = YES_ERROR;
				CLANG_WARN_EMPTY_BODY = YES;
				CLANG_WARN_ENUM_CONVERSION = YES;
				CLANG_WARN_INT_CONVERSION = YES;
				CLANG_WARN_OBJC_ROOT_CLASS = YES_ERROR;
				CLANG_WARN_UNREACHABLE_CODE = YES;
				CLANG_WARN__DUPLICATE_METHOD_MATCH = YES;
				"CODE_SIGN_IDENTITY[sdk=iphoneos*]" = "iPhone Developer";
				COPY_PHASE_STRIP = NO;
				DEBUG_INFORMATION_FORMAT = dwarf;
				ENABLE_STRICT_OBJC_MSGSEND = YES;
				ENABLE_TESTABILITY = YES;
				GCC_C_LANGUAGE_STANDARD = gnu99;
				GCC_DYNAMIC_NO_PIC = NO;
				GCC_NO_COMMON_BLOCKS = YES;
				GCC_OPTIMIZATION_LEVEL = 0;
				GCC_PREPROCESSOR_DEFINITIONS = (
					"DEBUG=1",
					"$(inherited)",
				);
				GCC_WARN_64_TO_32_BIT_CONVERSION = YES;
				GCC_WARN_ABOUT_RETURN_TYPE = YES_ERROR;
				GCC_WARN_UNDECLARED_SELECTOR = YES;
				GCC_WARN_UNINITIALIZED_AUTOS = YES_AGGRESSIVE;
				GCC_WARN_UNUSED_FUNCTION = YES;
				GCC_WARN_UNUSED_VARIABLE = YES;
				IPHONEOS_DEPLOYMENT_TARGET = 9.0;
				MTL_ENABLE_DEBUG_INFO = YES;
				ONLY_ACTIVE_ARCH = YES;
				SDKROOT = iphoneos;
			};
			name = Debug;
		};
		38BE4C771BA77CBB00144435 /* Release */ = {
			isa = XCBuildConfiguration;
			buildSettings = {
				ALWAYS_SEARCH_USER_PATHS = NO;
				CLANG_CXX_LANGUAGE_STANDARD = "gnu++0x";
				CLANG_CXX_LIBRARY = "libc++";
				CLANG_ENABLE_MODULES = YES;
				CLANG_ENABLE_OBJC_ARC = YES;
				CLANG_WARN_BOOL_CONVERSION = YES;
				CLANG_WARN_CONSTANT_CONVERSION = YES;
				CLANG_WARN_DIRECT_OBJC_ISA_USAGE = YES_ERROR;
				CLANG_WARN_EMPTY_BODY = YES;
				CLANG_WARN_ENUM_CONVERSION = YES;
				CLANG_WARN_INT_CONVERSION = YES;
				CLANG_WARN_OBJC_ROOT_CLASS = YES_ERROR;
				CLANG_WARN_UNREACHABLE_CODE = YES;
				CLANG_WARN__DUPLICATE_METHOD_MATCH = YES;
				"CODE_SIGN_IDENTITY[sdk=iphoneos*]" = "iPhone Developer";
				COPY_PHASE_STRIP = NO;
				DEBUG_INFORMATION_FORMAT = "dwarf-with-dsym";
				ENABLE_NS_ASSERTIONS = NO;
				ENABLE_STRICT_OBJC_MSGSEND = YES;
				GCC_C_LANGUAGE_STANDARD = gnu99;
				GCC_NO_COMMON_BLOCKS = YES;
				GCC_WARN_64_TO_32_BIT_CONVERSION = YES;
				GCC_WARN_ABOUT_RETURN_TYPE = YES_ERROR;
				GCC_WARN_UNDECLARED_SELECTOR = YES;
				GCC_WARN_UNINITIALIZED_AUTOS = YES_AGGRESSIVE;
				GCC_WARN_UNUSED_FUNCTION = YES;
				GCC_WARN_UNUSED_VARIABLE = YES;
				IPHONEOS_DEPLOYMENT_TARGET = 9.0;
				MTL_ENABLE_DEBUG_INFO = NO;
				SDKROOT = iphoneos;
				VALIDATE_PRODUCT = YES;
			};
			name = Release;
		};
		38BE4C791BA77CBB00144435 /* Debug */ = {
			isa = XCBuildConfiguration;
			buildSettings = {
				ASSETCATALOG_COMPILER_APPICON_NAME = AppIcon;
				INFOPLIST_FILE = CodeSearch/Info.plist;
				LD_RUNPATH_SEARCH_PATHS = "$(inherited) @executable_path/Frameworks";
				PRODUCT_BUNDLE_IDENTIFIER = com.example.CodeSearch;
				PRODUCT_NAME = "$(TARGET_NAME)";
			};
			name = Debug;
		};
		38BE4C7A1BA77CBB00144435 /* Release */ = {
			isa = XCBuildConfiguration;
			buildSettings = {
				ASSETCATALOG_COMPILER_APPICON_NAME = AppIcon;
				INFOPLIST_FILE = CodeSearch/Info.plist;
				LD_RUNPATH_SEARCH_PATHS = "$(inherited) @executable_path/Frameworks";
				PRODUCT_BUNDLE_IDENTIFIER = com.example.CodeSearch;
				PRODUCT_NAME = "$(TARGET_NAME)";
			};
			name = Release;
		};
		38BE4C7C1BA77CBB00144435 /* Debug */ = {
			isa = XCBuildConfiguration;
			buildSettings = {
				BUNDLE_LOADER = "$(TEST_HOST)";
				INFOPLIST_FILE = CodeSearchTests/Info.plist;
				LD_RUNPATH_SEARCH_PATHS = "$(inherited) @executable_path/Frameworks @loader_path/Frameworks";
				PRODUCT_BUNDLE_IDENTIFIER = com.example.CodeSearchTests;
				PRODUCT_NAME = "$(TARGET_NAME)";
				TEST_HOST = "$(BUILT_PRODUCTS_DIR)/CodeSearch.app/CodeSearch";
			};
			name = Debug;
		};
		38BE4C7D1BA77CBB00144435 /* Release */ = {
			isa = XCBuildConfiguration;
			buildSettings = {
				BUNDLE_LOADER = "$(TEST_HOST)";
				INFOPLIST_FILE = CodeSearchTests/Info.plist;
				LD_RUNPATH_SEARCH_PATHS = "$(inherited) @executable_path/Frameworks @loader_path/Frameworks";
				PRODUCT_BUNDLE_IDENTIFIER = com.example.CodeSearchTests;
				PRODUCT_NAME = "$(TARGET_NAME)";
				TEST_HOST = "$(BUILT_PRODUCTS_DIR)/CodeSearch.app/CodeSearch";
			};
			name = Release;
		};
/* End XCBuildConfiguration section */

/* Begin XCConfigurationList section */
		38BE4C4E1BA77CBB00144435 /* Build configuration list for PBXProject "CodeSearch" */ = {
			isa = XCConfigurationList;
			buildConfigurations = (
				38BE4C761BA77CBB00144435 /* Debug */,
				38BE4C771BA77CBB00144435 /* Release */,
			);
			defaultConfigurationIsVisible = 0;
			defaultConfigurationName = Release;
		};
		38BE4C781BA77CBB00144435 /* Build configuration list for PBXNativeTarget "CodeSearch" */ = {
			isa = XCConfigurationList;
			buildConfigurations = (
				38BE4C791BA77CBB00144435 /* Debug */,
				38BE4C7A1BA77CBB00144435 /* Release */,
			);
			defaultConfigurationIsVisible = 0;
		};
		38BE4C7B1BA77CBB00144435 /* Build configuration list for PBXNativeTarget "CodeSearchTests" */ = {
			isa = XCConfigurationList;
			buildConfigurations = (
				38BE4C7C1BA77CBB00144435 /* Debug */,
				38BE4C7D1BA77CBB00144435 /* Release */,
			);
			defaultConfigurationIsVisible = 0;
		};
/* End XCConfigurationList section */

/* Begin XCVersionGroup section */
		38BE4C621BA77CBB00144435 /* CodeSearch.xcdatamodeld */ = {
			isa = XCVersionGroup;
			children = (
				38BE4C631BA77CBB00144435 /* CodeSearch.xcdatamodel */,
			);
			currentVersion = 38BE4C631BA77CBB00144435 /* CodeSearch.xcdatamodel */;
			path = CodeSearch.xcdatamodeld;
			sourceTree = "<group>";
			versionGroupType = wrapper.xcdatamodel;
		};
/* End XCVersionGroup section */
	};
	rootObject = 38BE4C4B1BA77CBB00144435 /* Project object */;
}
